
Microsoft Visual Studio Solution File, Format Version 12.00
# Visual Studio Version 17
VisualStudioVersion = 17.9.34902.65
MinimumVisualStudioVersion = 10.0.40219.1
Project("{FAE04EC0-301F-11D3-BF4B-00C04F79EFBC}") = "HandleBarsDotNet8.DynamicLinq.Console", "HandleBarsDotNet8.DynamicLinq.Console\HandleBarsDotNet8.DynamicLinq.Console.csproj", "{93C91FEA-F632-40E7-9780-4D551D198522}"
EndProject
Project("{FAE04EC0-301F-11D3-BF4B-00C04F79EFBC}") = "HandleBarsDotNet8.DynamicLinq.WebAPI", "HandleBarsDotNet8.DynamicLinq.WebAPI\HandleBarsDotNet8.DynamicLinq.WebAPI.csproj", "{AF9AED72-FDDE-49AE-9909-55AE06451236}"
EndProject
Global
	GlobalSection(SolutionConfigurationPlatforms) = preSolution
		Debug|Any CPU = Debug|Any CPU
		Release|Any CPU = Release|Any CPU
	EndGlobalSection
	GlobalSection(ProjectConfigurationPlatforms) = postSolution
		{93C91FEA-F632-40E7-9780-4D551D198522}.Debug|Any CPU.ActiveCfg = Debug|Any CPU
		{93C91FEA-F632-40E7-9780-4D551D198522}.Debug|Any CPU.Build.0 = Debug|Any CPU
		{93C91FEA-F632-40E7-9780-4D551D198522}.Release|Any CPU.ActiveCfg = Release|Any CPU
		{93C91FEA-F632-40E7-9780-4D551D198522}.Release|Any CPU.Build.0 = Release|Any CPU
		{AF9AED72-FDDE-49AE-9909-55AE06451236}.Debug|Any CPU.ActiveCfg = Debug|Any CPU
		{AF9AED72-FDDE-49AE-9909-55AE06451236}.Debug|Any CPU.Build.0 = Debug|Any CPU
		{AF9AED72-FDDE-49AE-9909-55AE06451236}.Release|Any CPU.ActiveCfg = Release|Any CPU
		{AF9AED72-FDDE-49AE-9909-55AE06451236}.Release|Any CPU.Build.0 = Release|Any CPU
	EndGlobalSection
	GlobalSection(SolutionProperties) = preSolution
		HideSolutionNode = FALSE
	EndGlobalSection
	GlobalSection(ExtensibilityGlobals) = postSolution
		SolutionGuid = {0F7DC3AA-A6BA-4542-9E4E-AD3D0194EE6C}
	EndGlobalSection
EndGlobal
